// !$*UTF8*$!



<dict>
	<key>archiveVersion</key>
	<integer>1</integer>
	<key>classes</key>
	<dict/>
	<key>objectVersion</key>
	<integer>56</integer>
	<key>objects</key>
	<dict>
		<key>074455EC5DFF455485FD8205A90332A8</key>
		<dict>
			<key>fileRef</key>
			<string>42445363C979409F9AAB570B3EFBACCD</string>
			<key>isa</key>
			<string>PBXBuildFile</string>
		</dict>
		<key>0D9DC60B29D74A8DACC387D1B79C52EB</key>
		<dict>
			<key>children</key>
			<array>
				<string>64E14958A509407D8C34930C791295C3</string>
				<string>F08F3249ABDD49A18B67134447B0E299</string>
			</array>
			<key>isa</key>
			<string>PBXGroup</string>
			<key>path</key>
			<string>Managers</string>
			<key>sourceTree</key>
			<string>&lt;group&gt;</string>
		</dict>
		<key>13B76E238B0147D2A1CF003727B69F15</key>
		<dict>
			<key>children</key>
			<array>
				<string>617F78223AC443D281A5A6696AC981C0</string>
				<string>89BE70EF154F4D7FB50DB6E8D4B1545F</string>
				<string>FB391900750B48F7B07273D13A2FEB6B</string>
			</array>
			<key>isa</key>
			<string>PBXGroup</string>
			<key>sourceTree</key>
			<string>&lt;group&gt;</string>
		</dict>
		<key>2266EE9E94AA4D968B0B40A08A0BCFC5</key>
		<dict>
			<key>fileRef</key>
			<string>4D74B9FCB130403C9E2470FF810684E4</string>
			<key>isa</key>
			<string>PBXBuildFile</string>
		</dict>
		<key>2B41945BCA3948EF833B2B2F26B60C01</key>
		<dict>
			<key>children</key>
			<array/>
			<key>isa</key>
			<string>PBXGroup</string>
			<key>path</key>
			<string>GameData</string>
			<key>sourceTree</key>
			<string>&lt;group&gt;</string>
		</dict>
		<key>30E34C535E43493F9B558E4CBE380B3B</key>
		<dict>
			<key>children</key>
			<array>
				<string>2B41945BCA3948EF833B2B2F26B60C01</string>
				<string>FC4DE2FB5EF44D82AD01225EB749E6BB</string>
				<string>443A16EF812C43828E436022871B8176</string>
				<string>BBD839B0D31C401B801D6AAF4F2FF98E</string>
				<string>D2DE997E30EA4147AC97038BB21857DF</string>
				<string>58888C7B6DE64DD5BB3DE1195CA9BE76</string>
			</array>
			<key>isa</key>
			<string>PBXGroup</string>
			<key>path</key>
			<string>Views</string>
			<key>sourceTree</key>
			<string>&lt;group&gt;</string>
		</dict>
		<key>31DD326601824130BCBC2F745718244B</key>
		<dict>
			<key>fileRef</key>
			<string>FC4DE2FB5EF44D82AD01225EB749E6BB</string>
			<key>isa</key>
			<string>PBXBuildFile</string>
		</dict>
		<key>32E94D0603F9432FA14AF95E0048EC0C</key>
		<dict>
			<key>isa</key>
			<string>PBXFileReference</string>
			<key>lastKnownFileType</key>
			<string>text.plist.xml</string>
			<key>path</key>
			<string>Info.plist</string>
			<key>sourceTree</key>
			<string>&lt;group&gt;</string>
		</dict>
		<key>331E335DB559436AAED39D8CDACC1ECA</key>
		<dict>
			<key>fileRef</key>
			<string>F08F3249ABDD49A18B67134447B0E299</string>
			<key>isa</key>
			<string>PBXBuildFile</string>
		</dict>
		<key>3D89AE2418A24C238A2E057D772292CE</key>
		<dict>
			<key>fileRef</key>
			<string>D2DE997E30EA4147AC97038BB21857DF</string>
			<key>isa</key>
			<string>PBXBuildFile</string>
		</dict>
		<key>3DAB0AD387D246F5AD5C6B3A6004A460</key>
		<dict>
			<key>children</key>
			<array/>
			<key>isa</key>
			<string>PBXGroup</string>
			<key>path</key>
			<string>Models</string>
			<key>sourceTree</key>
			<string>&lt;group&gt;</string>
		</dict>
		<key>42445363C979409F9AAB570B3EFBACCD</key>
		<dict>
			<key>isa</key>
			<string>PBXFileReference</string>
			<key>lastKnownFileType</key>
			<string>sourcecode.swift</string>
			<key>path</key>
			<string>DecryptEditorApp.swift</string>
			<key>sourceTree</key>
			<string>&lt;group&gt;</string>
		</dict>
		<key>443A16EF812C43828E436022871B8176</key>
		<dict>
			<key>isa</key>
			<string>PBXFileReference</string>
			<key>lastKnownFileType</key>
			<string>sourcecode.swift</string>
			<key>path</key>
			<string>DatabaseListView.swift</string>
			<key>sourceTree</key>
			<string>&lt;group&gt;</string>
		</dict>
		<key>4D74B9FCB130403C9E2470FF810684E4</key>
		<dict>
			<key>isa</key>
			<string>PBXFileReference</string>
			<key>lastKnownFileType</key>
			<string>sourcecode.swift</string>
			<key>path</key>
			<string>GameModels.swift</string>
			<key>sourceTree</key>
			<string>&lt;group&gt;</string>
		</dict>
		<key>50995749550C4FE28E27E61D17173124</key>
		<dict>
			<key>children</key>
			<array>
				<string>79A109E43EF141BB970AF70C592BAF45</string>
			</array>
			<key>isa</key>
			<string>PBXGroup</string>
			<key>path</key>
			<string>Utils</string>
			<key>sourceTree</key>
			<string>&lt;group&gt;</string>
		</dict>
		<key>58888C7B6DE64DD5BB3DE1195CA9BE76</key>
		<dict>
			<key>isa</key>
			<string>PBXFileReference</string>
			<key>lastKnownFileType</key>
			<string>sourcecode.swift</string>
			<key>path</key>
			<string>ToolsView.swift</string>
			<key>sourceTree</key>
			<string>&lt;group&gt;</string>
		</dict>
		<key>5A5FEDC32735412B880344407A63D9BF</key>
		<dict>
			<key>explicitFileType</key>
			<string>wrapper.application</string>
			<key>includeInIndex</key>
			<integer>0</integer>
			<key>isa</key>
			<string>PBXFileReference</string>
			<key>path</key>
			<string>DecryptEditor.app</string>
			<key>sourceTree</key>
			<string>BUILT_PRODUCTS_DIR</string>
		</dict>
		<key>617F78223AC443D281A5A6696AC981C0</key>
		<dict>
			<key>children</key>
			<array>
				<string>5A5FEDC32735412B880344407A63D9BF</string>
			</array>
			<key>isa</key>
			<string>PBXGroup</string>
			<key>name</key>
			<string>Products</string>
			<key>sourceTree</key>
			<string>&lt;group&gt;</string>
		</dict>
		<key>64E14958A509407D8C34930C791295C3</key>
		<dict>
			<key>isa</key>
			<string>PBXFileReference</string>
			<key>lastKnownFileType</key>
			<string>sourcecode.swift</string>
			<key>path</key>
			<string>DatabaseManager.swift</string>
			<key>sourceTree</key>
			<string>&lt;group&gt;</string>
		</dict>
		<key>738AC2108F9745018EA9978746FDC9C8</key>
		<dict>
			<key>buildActionMask</key>
			<integer>2147483647</integer>
			<key>files</key>
			<array>
				<string>074455EC5DFF455485FD8205A90332A8</string>
				<string>AA94993F55224EE197653FB795A621A2</string>
				<string>331E335DB559436AAED39D8CDACC1ECA</string>
				<string>2266EE9E94AA4D968B0B40A08A0BCFC5</string>
				<string>CD5BD12237014E0EB7F02ADD9B40F25C</string>
				<string>31DD326601824130BCBC2F745718244B</string>
				<string>BDF85E81F1ED4545B20AA35ED373A621</string>
				<string>C1679B8D36824EB78E3FCD06C69F2E7C</string>
				<string>3D89AE2418A24C238A2E057D772292CE</string>
				<string>B1CF214E562249B6BCE2E415AB163619</string>
			</array>
			<key>isa</key>
			<string>PBXSourcesBuildPhase</string>
			<key>runOnlyForDeploymentPostprocessing</key>
			<integer>0</integer>
		</dict>
		<key>79A109E43EF141BB970AF70C592BAF45</key>
		<dict>
			<key>isa</key>
			<string>PBXFileReference</string>
			<key>lastKnownFileType</key>
			<string>sourcecode.swift</string>
			<key>path</key>
			<string>TimeConversion.swift</string>
			<key>sourceTree</key>
			<string>&lt;group&gt;</string>
		</dict>
		<key>839097481C73457590563BDA1A4DB0FC</key>
		<dict>
			<key>buildSettings</key>
			<dict>
				<key>ALWAYS_SEARCH_USER_PATHS</key>
				<string>NO</string>
				<key>CLANG_ANALYZER_NONNULL</key>
				<string>YES</string>
				<key>CLANG_CXX_LANGUAGE_STANDARD</key>
				<string>gnu++20</string>
				<key>CLANG_ENABLE_MODULES</key>
				<string>YES</string>
				<key>CLANG_ENABLE_OBJC_ARC</key>
				<string>YES</string>
				<key>COPY_PHASE_STRIP</key>
				<string>NO</string>
				<key>DEBUG_INFORMATION_FORMAT</key>
				<string>dwarf</string>
				<key>ENABLE_STRICT_OBJC_MSGSEND</key>
				<string>YES</string>
				<key>ENABLE_TESTABILITY</key>
				<string>YES</string>
				<key>GCC_DYNAMIC_NO_PIC</key>
				<string>NO</string>
				<key>GCC_OPTIMIZATION_LEVEL</key>
				<string>0</string>
				<key>GCC_PREPROCESSOR_DEFINITIONS</key>
				<array>
					<string>DEBUG=1</string>
					<string>$(inherited)</string>
				</array>
				<key>IPHONEOS_DEPLOYMENT_TARGET</key>
				<string>17.0</string>
				<key>MTL_ENABLE_DEBUG_INFO</key>
				<string>INCLUDE_SOURCE</string>
				<key>ONLY_ACTIVE_ARCH</key>
				<string>YES</string>
				<key>SDKROOT</key>
				<string>iphoneos</string>
				<key>SWIFT_ACTIVE_COMPILATION_CONDITIONS</key>
				<string>DEBUG</string>
				<key>SWIFT_OPTIMIZATION_LEVEL</key>
				<string>-Onone</string>
			</dict>
			<key>isa</key>
			<string>XCBuildConfiguration</string>
			<key>name</key>
			<string>Debug</string>
		</dict>
		<key>89BE70EF154F4D7FB50DB6E8D4B1545F</key>
		<dict>
			<key>children</key>
			<array>
				<string>50995749550C4FE28E27E61D17173124</string>
				<string>D31FC5F40E3F4C568BEA64F3C7536B5E</string>
				<string>0D9DC60B29D74A8DACC387D1B79C52EB</string>
				<string>30E34C535E43493F9B558E4CBE380B3B</string>
				<string>3DAB0AD387D246F5AD5C6B3A6004A460</string>
				<string>C44D4C57D04C40A5BC04F2BC10B954AB</string>
				<string>32E94D0603F9432FA14AF95E0048EC0C</string>
			</array>
			<key>isa</key>
			<string>PBXGroup</string>
			<key>path</key>
			<string>DecryptEditor</string>
			<key>sourceTree</key>
			<string>&lt;group&gt;</string>
		</dict>
		<key>A8B853F169854B3BA411B055FB01E564</key>
		<dict>
			<key>buildConfigurations</key>
			<array>
				<string>DEBUG6ECC5A38</string>
			</array>
			<key>defaultConfigurationIsVisible</key>
			<integer>0</integer>
			<key>defaultConfigurationName</key>
			<string>Release</string>
			<key>isa</key>
			<string>XCConfigurationList</string>
		</dict>
		<key>AA04B02FB2C04726ADF8DE7644CF72F6</key>
		<dict>
			<key>buildConfigurations</key>
			<array>
				<string>839097481C73457590563BDA1A4DB0FC</string>
				<string>B8E5B0E95F3141FDBD9CD161C264712D</string>
			</array>
			<key>defaultConfigurationIsVisible</key>
			<integer>0</integer>
			<key>defaultConfigurationName</key>
			<string>Release</string>
			<key>isa</key>
			<string>XCConfigurationList</string>
		</dict>
		<key>AA94993F55224EE197653FB795A621A2</key>
		<dict>
			<key>fileRef</key>
			<string>64E14958A509407D8C34930C791295C3</string>
			<key>isa</key>
			<string>PBXBuildFile</string>
		</dict>
		<key>B1CF214E562249B6BCE2E415AB163619</key>
		<dict>
			<key>fileRef</key>
			<string>58888C7B6DE64DD5BB3DE1195CA9BE76</string>
			<key>isa</key>
			<string>PBXBuildFile</string>
		</dict>
		<key>B529560ED0B2426E97058EDAE35348A8</key>
		<dict>
			<key>buildActionMask</key>
			<integer>2147483647</integer>
			<key>files</key>
			<array/>
			<key>isa</key>
			<string>PBXFrameworksBuildPhase</string>
			<key>runOnlyForDeploymentPostprocessing</key>
			<integer>0</integer>
		</dict>
		<key>B8E5B0E95F3141FDBD9CD161C264712D</key>
		<dict>
			<key>buildSettings</key>
			<dict>
				<key>ALWAYS_SEARCH_USER_PATHS</key>
				<string>NO</string>
				<key>CLANG_ANALYZER_NONNULL</key>
				<string>YES</string>
				<key>CLANG_CXX_LANGUAGE_STANDARD</key>
				<string>gnu++20</string>
				<key>CLANG_ENABLE_MODULES</key>
				<string>YES</string>
				<key>CLANG_ENABLE_OBJC_ARC</key>
				<string>YES</string>
				<key>COPY_PHASE_STRIP</key>
				<string>NO</string>
				<key>DEBUG_INFORMATION_FORMAT</key>
				<string>dwarf-with-dsym</string>
				<key>ENABLE_NS_ASSERTIONS</key>
				<string>NO</string>
				<key>ENABLE_STRICT_OBJC_MSGSEND</key>
				<string>YES</string>
				<key>GCC_OPTIMIZATION_LEVEL</key>
				<string>s</string>
				<key>IPHONEOS_DEPLOYMENT_TARGET</key>
				<string>17.0</string>
				<key>MTL_ENABLE_DEBUG_INFO</key>
				<string>NO</string>
				<key>SDKROOT</key>
				<string>iphoneos</string>
				<key>SWIFT_COMPILATION_MODE</key>
				<string>wholemodule</string>
				<key>SWIFT_OPTIMIZATION_LEVEL</key>
				<string>-O</string>
				<key>VALIDATE_PRODUCT</key>
				<string>YES</string>
			</dict>
			<key>isa</key>
			<string>XCBuildConfiguration</string>
			<key>name</key>
			<string>Release</string>
		</dict>
		<key>BBD839B0D31C401B801D6AAF4F2FF98E</key>
		<dict>
			<key>isa</key>
			<string>PBXFileReference</string>
			<key>lastKnownFileType</key>
			<string>sourcecode.swift</string>
			<key>path</key>
			<string>FileBrowserView.swift</string>
			<key>sourceTree</key>
			<string>&lt;group&gt;</string>
		</dict>
		<key>BCFD4F9FBAF94DEFA993517A5EB86EEA</key>
		<dict>
			<key>fileRef</key>
			<string>32E94D0603F9432FA14AF95E0048EC0C</string>
			<key>isa</key>
			<string>PBXBuildFile</string>
		</dict>
		<key>BDF85E81F1ED4545B20AA35ED373A621</key>
		<dict>
			<key>fileRef</key>
			<string>443A16EF812C43828E436022871B8176</string>
			<key>isa</key>
			<string>PBXBuildFile</string>
		</dict>
		<key>C1679B8D36824EB78E3FCD06C69F2E7C</key>
		<dict>
			<key>fileRef</key>
			<string>BBD839B0D31C401B801D6AAF4F2FF98E</string>
			<key>isa</key>
			<string>PBXBuildFile</string>
		</dict>
		<key>C44D4C57D04C40A5BC04F2BC10B954AB</key>
		<dict>
			<key>children</key>
			<array>
				<string>42445363C979409F9AAB570B3EFBACCD</string>
			</array>
			<key>isa</key>
			<string>PBXGroup</string>
			<key>path</key>
			<string>App</string>
			<key>sourceTree</key>
			<string>&lt;group&gt;</string>
		</dict>
		<key>CD5BD12237014E0EB7F02ADD9B40F25C</key>
		<dict>
			<key>fileRef</key>
			<string>79A109E43EF141BB970AF70C592BAF45</string>
			<key>isa</key>
			<string>PBXBuildFile</string>
		</dict>
		<key>CF57B0560B0642B78881FD5953E77DD4</key>
		<dict>
			<key>attributes</key>
			<dict>
				<key>BuildIndependentTargetsInParallel</key>
				<integer>1</integer>
				<key>LastSwiftUpdateCheck</key>
				<integer>1540</integer>
				<key>LastUpgradeCheck</key>
				<integer>1540</integer>
				<key>TargetAttributes</key>
				<dict>
					<key>EC6D1D038B204B65A0FABE421D082E09</key>
					<dict>
						<key>CreatedOnToolsVersion</key>
						<string>15.4</string>
					</dict>
				</dict>
			</dict>
			<key>buildConfigurationList</key>
			<string>AA04B02FB2C04726ADF8DE7644CF72F6</string>
			<key>compatibilityVersion</key>
			<string>Xcode 14.0</string>
			<key>developmentRegion</key>
			<string>zh-Hans</string>
			<key>hasScannedForEncodings</key>
			<integer>0</integer>
			<key>isa</key>
			<string>PBXProject</string>
			<key>knownRegions</key>
			<array>
				<string>en</string>
				<string>zh-Hans</string>
				<string>Base</string>
			</array>
			<key>mainGroup</key>
			<string>13B76E238B0147D2A1CF003727B69F15</string>
			<key>productRefGroup</key>
			<string>617F78223AC443D281A5A6696AC981C0</string>
			<key>projectDirPath</key>
			<string></string>
			<key>projectRoot</key>
			<string></string>
			<key>targets</key>
			<array>
				<string>EC6D1D038B204B65A0FABE421D082E09</string>
			</array>
		</dict>
		<key>D2DE997E30EA4147AC97038BB21857DF</key>
		<dict>
			<key>isa</key>
			<string>PBXFileReference</string>
			<key>lastKnownFileType</key>
			<string>sourcecode.swift</string>
			<key>path</key>
			<string>SettingsView.swift</string>
			<key>sourceTree</key>
			<string>&lt;group&gt;</string>
		</dict>
		<key>D31FC5F40E3F4C568BEA64F3C7536B5E</key>
		<dict>
			<key>children</key>
			<array/>
			<key>isa</key>
			<string>PBXGroup</string>
			<key>path</key>
			<string>Resources</string>
			<key>sourceTree</key>
			<string>&lt;group&gt;</string>
		</dict>
		<key>DEBUG6ECC5A38</key>
		<dict>
			<key>buildSettings</key>
			<dict>
				<key>ASSETCATALOG_COMPILER_APPICON_NAME</key>
				<string>AppIcon</string>
				<key>ASSETCATALOG_COMPILER_GLOBAL_ACCENT_COLOR_NAME</key>
				<string>AccentColor</string>
				<key>CODE_SIGNING_ALLOWED</key>
				<string>NO</string>
				<key>CODE_SIGNING_REQUIRED</key>
				<string>NO</string>
				<key>CODE_SIGN_STYLE</key>
				<string>Manual</string>
				<key>CURRENT_PROJECT_VERSION</key>
				<string>1</string>
				<key>DEVELOPMENT_TEAM</key>
				<string></string>
				<key>GENERATE_INFOPLIST_FILE</key>
				<string>NO</string>
				<key>INFOPLIST_FILE</key>
				<string>DecryptEditor/Info.plist</string>
				<key>INFOPLIST_KEY_UIApplicationSceneManifest_Generation</key>
				<string>YES</string>
				<key>INFOPLIST_KEY_UIApplicationSupportsIndirectInputEvents</key>
				<string>YES</string>
				<key>INFOPLIST_KEY_UILaunchScreen_Generation</key>
				<string>YES</string>
				<key>INFOPLIST_KEY_UISupportedInterfaceOrientations_iPad</key>
				<string>UIInterfaceOrientationPortrait_UIInterfaceOrientationPortraitUpsideDown_UIInterfaceOrientationLandscapeLeft_UIInterfaceOrientationLandscapeRight</string>
				<key>INFOPLIST_KEY_UISupportedInterfaceOrientations_iPhone</key>
				<string>UIInterfaceOrientationPortrait</string>
				<key>IPHONEOS_DEPLOYMENT_TARGET</key>
				<string>17.0</string>
				<key>LD_RUNPATH_SEARCH_PATHS</key>
				<array>
					<string>$(inherited)</string>
					<string>@executable_path/Frameworks</string>
				</array>
				<key>MARKETING_VERSION</key>
				<string>1.0</string>
				<key>PRODUCT_BUNDLE_IDENTIFIER</key>
				<string>com.ars.decrypt.ios</string>
				<key>PRODUCT_NAME</key>
				<string>DecryptEditor</string>
				<key>SWIFT_EMIT_LOC_STRINGS</key>
				<string>YES</string>
				<key>SWIFT_VERSION</key>
				<string>5.0</string>
				<key>TARGETED_DEVICE_FAMILY</key>
				<string>1,2</string>
			</dict>
			<key>isa</key>
			<string>XCBuildConfiguration</string>
			<key>name</key>
			<string>Release</string>
		</dict>
		<key>EC6D1D038B204B65A0FABE421D082E09</key>
		<dict>
			<key>buildConfigurationList</key>
			<string>A8B853F169854B3BA411B055FB01E564</string>
			<key>buildPhases</key>
			<array>
				<string>738AC2108F9745018EA9978746FDC9C8</string>
				<string>B529560ED0B2426E97058EDAE35348A8</string>
				<string>F6EC6C76EFE74BCD93C52A2399013ECE</string>
			</array>
			<key>buildRules</key>
			<array/>
			<key>dependencies</key>
			<array/>
			<key>isa</key>
			<string>PBXNativeTarget</string>
			<key>name</key>
			<string>DecryptEditor</string>
			<key>productName</key>
			<string>DecryptEditor</string>
			<key>productReference</key>
			<string>5A5FEDC32735412B880344407A63D9BF</string>
			<key>productType</key>
			<string>com.apple.product-type.application</string>
		</dict>
		<key>F08F3249ABDD49A18B67134447B0E299</key>
		<dict>
			<key>isa</key>
			<string>PBXFileReference</string>
			<key>lastKnownFileType</key>
			<string>sourcecode.swift</string>
			<key>path</key>
			<string>FileService.swift</string>
			<key>sourceTree</key>
			<string>&lt;group&gt;</string>
		</dict>
		<key>F6EC6C76EFE74BCD93C52A2399013ECE</key>
		<dict>
			<key>buildActionMask</key>
			<integer>2147483647</integer>
			<key>files</key>
			<array>
				<string>BCFD4F9FBAF94DEFA993517A5EB86EEA</string>
			</array>
			<key>isa</key>
			<string>PBXResourcesBuildPhase</string>
			<key>runOnlyForDeploymentPostprocessing</key>
			<integer>0</integer>
		</dict>
		<key>FB391900750B48F7B07273D13A2FEB6B</key>
		<dict>
			<key>children</key>
			<array>
				<string>4D74B9FCB130403C9E2470FF810684E4</string>
			</array>
			<key>isa</key>
			<string>PBXGroup</string>
			<key>path</key>
			<string>GameData</string>
			<key>sourceTree</key>
			<string>&lt;group&gt;</string>
		</dict>
		<key>FC4DE2FB5EF44D82AD01225EB749E6BB</key>
		<dict>
			<key>isa</key>
			<string>PBXFileReference</string>
			<key>lastKnownFileType</key>
			<string>sourcecode.swift</string>
			<key>path</key>
			<string>ContentView.swift</string>
			<key>sourceTree</key>
			<string>&lt;group&gt;</string>
		</dict>
	</dict>
</dict>
